// !$*UTF8*$!
{
	archiveVersion = 1;
	classes = {
	};
	objectVersion = 50;
	objects = {

/* Begin PBXBuildFile section */
		3589EE1B2684E10600B30411 /* AppDelegate.swift in Sources */ = {isa = PBXBuildFile; fileRef = 3589EE1A2684E10600B30411 /* AppDelegate.swift */; };
		3589EE1D2684E10600B30411 /* art.scnassets in Resources */ = {isa = PBXBuildFile; fileRef = 3589EE1C2684E10600B30411 /* art.scnassets */; };
		3589EE1F2684E10600B30411 /* ViewController.swift in Sources */ = {isa = PBXBuildFile; fileRef = 3589EE1E2684E10600B30411 /* ViewController.swift */; };
		3589EE222684E10600B30411 /* Main.storyboard in Resources */ = {isa = PBXBuildFile; fileRef = 3589EE202684E10600B30411 /* Main.storyboard */; };
		3589EE242684E10900B30411 /* Assets.xcassets in Resources */ = {isa = PBXBuildFile; fileRef = 3589EE232684E10900B30411 /* Assets.xcassets */; };
		3589EE272684E10900B30411 /* LaunchScreen.storyboard in Resources */ = {isa = PBXBuildFile; fileRef = 3589EE252684E10900B30411 /* LaunchScreen.storyboard */; };
		3589EE322684E10A00B30411 /* ARTrekProjectTests.swift in Sources */ = {isa = PBXBuildFile; fileRef = 3589EE312684E10A00B30411 /* ARTrekProjectTests.swift */; };
		3589EE3D2684E10A00B30411 /* ARTrekProjectUITests.swift in Sources */ = {isa = PBXBuildFile; fileRef = 3589EE3C2684E10A00B30411 /* ARTrekProjectUITests.swift */; };
/* End PBXBuildFile section */

/* Begin PBXContainerItemProxy section */
		3589EE2E2684E10A00B30411 /* PBXContainerItemProxy */ = {
			isa = PBXContainerItemProxy;
			containerPortal = 3589EE0F2684E10600B30411 /* Project object */;
			proxyType = 1;
			remoteGlobalIDString = 3589EE162684E10600B30411;
			remoteInfo = ARTrekProject;
		};
		3589EE392684E10A00B30411 /* PBXContainerItemProxy */ = {
			isa = PBXContainerItemProxy;
			containerPortal = 3589EE0F2684E10600B30411 /* Project object */;
			proxyType = 1;
			remoteGlobalIDString = 3589EE162684E10600B30411;
			remoteInfo = ARTrekProject;
		};
/* End PBXContainerItemProxy section */

/* Begin PBXFileReference section */
		3589EE172684E10600B30411 /* ARTrekProject.app */ = {isa = PBXFileReference; explicitFileType = wrapper.application; includeInIndex = 0; path = ARTrekProject.app; sourceTree = BUILT_PRODUCTS_DIR; };
		3589EE1A2684E10600B30411 /* AppDelegate.swift */ = {isa = PBXFileReference; lastKnownFileType = sourcecode.swift; path = AppDelegate.swift; sourceTree = "<group>"; };
		3589EE1C2684E10600B30411 /* art.scnassets */ = {isa = PBXFileReference; lastKnownFileType = wrapper.scnassets; path = art.scnassets; sourceTree = "<group>"; };
		3589EE1E2684E10600B30411 /* ViewController.swift */ = {isa = PBXFileReference; lastKnownFileType = sourcecode.swift; path = ViewController.swift; sourceTree = "<group>"; };
		3589EE212684E10600B30411 /* Base */ = {isa = PBXFileReference; lastKnownFileType = file.storyboard; name = Base; path = Base.lproj/Main.storyboard; sourceTree = "<group>"; };
		3589EE232684E10900B30411 /* Assets.xcassets */ = {isa = PBXFileReference; lastKnownFileType = folder.assetcatalog; path = Assets.xcassets; sourceTree = "<group>"; };
		3589EE262684E10900B30411 /* Base */ = {isa = PBXFileReference; lastKnownFileType = file.storyboard; name = Base; path = Base.lproj/LaunchScreen.storyboard; sourceTree = "<group>"; };
		3589EE282684E10900B30411 /* Info.plist */ = {isa = PBXFileReference; lastKnownFileType = text.plist.xml; path = Info.plist; sourceTree = "<group>"; };
		3589EE2D2684E10A00B30411 /* ARTrekProjectTests.xctest */ = {isa = PBXFileReference; explicitFileType = wrapper.cfbundle; includeInIndex = 0; path = ARTrekProjectTests.xctest; sourceTree = BUILT_PRODUCTS_DIR; };
		3589EE312684E10A00B30411 /* ARTrekProjectTests.swift */ = {isa = PBXFileReference; lastKnownFileType = sourcecode.swift; path = ARTrekProjectTests.swift; sourceTree = "<group>"; };
		3589EE332684E10A00B30411 /* Info.plist */ = {isa = PBXFileReference; lastKnownFileType = text.plist.xml; path = Info.plist; sourceTree = "<group>"; };
		3589EE382684E10A00B30411 /* ARTrekProjectUITests.xctest */ = {isa = PBXFileReference; explicitFileType = wrapper.cfbundle; includeInIndex = 0; path = ARTrekProjectUITests.xctest; sourceTree = BUILT_PRODUCTS_DIR; };
		3589EE3C2684E10A00B30411 /* ARTrekProjectUITests.swift */ = {isa = PBXFileReference; lastKnownFileType = sourcecode.swift; path = ARTrekProjectUITests.swift; sourceTree = "<group>"; };
		3589EE3E2684E10A00B30411 /* Info.plist */ = {isa = PBXFileReference; lastKnownFileType = text.plist.xml; path = Info.plist; sourceTree = "<group>"; };
/* End PBXFileReference section */

/* Begin PBXFrameworksBuildPhase section */
		3589EE142684E10600B30411 /* Frameworks */ = {
			isa = PBXFrameworksBuildPhase;
			buildActionMask = 2147483647;
			files = (
			);
			runOnlyForDeploymentPostprocessing = 0;
		};
		3589EE2A2684E10A00B30411 /* Frameworks */ = {
			isa = PBXFrameworksBuildPhase;
			buildActionMask = 2147483647;
			files = (
			);
			runOnlyForDeploymentPostprocessing = 0;
		};
		3589EE352684E10A00B30411 /* Frameworks */ = {
			isa = PBXFrameworksBuildPhase;
			buildActionMask = 2147483647;
			files = (
			);
			runOnlyForDeploymentPostprocessing = 0;
		};
/* End PBXFrameworksBuildPhase section */

/* Begin PBXGroup section */
		3589EE0E2684E10600B30411 = {
			isa = PBXGroup;
			children = (
				3589EE192684E10600B30411 /* ARTrekProject */,
				3589EE302684E10A00B30411 /* ARTrekProjectTests */,
				3589EE3B2684E10A00B30411 /* ARTrekProjectUITests */,
				3589EE182684E10600B30411 /* Products */,
			);
			sourceTree = "<group>";
		};
		3589EE182684E10600B30411 /* Products */ = {
			isa = PBXGroup;
			children = (
				3589EE172684E10600B30411 /* ARTrekProject.app */,
				3589EE2D2684E10A00B30411 /* ARTrekProjectTests.xctest */,
				3589EE382684E10A00B30411 /* ARTrekProjectUITests.xctest */,
			);
			name = Products;
			sourceTree = "<group>";
		};
		3589EE192684E10600B30411 /* ARTrekProject */ = {
			isa = PBXGroup;
			children = (
				3589EE1A2684E10600B30411 /* AppDelegate.swift */,
				3589EE1C2684E10600B30411 /* art.scnassets */,
				3589EE1E2684E10600B30411 /* ViewController.swift */,
				3589EE202684E10600B30411 /* Main.storyboard */,
				3589EE232684E10900B30411 /* Assets.xcassets */,
				3589EE252684E10900B30411 /* LaunchScreen.storyboard */,
				3589EE282684E10900B30411 /* Info.plist */,
			);
			path = ARTrekProject;
			sourceTree = "<group>";
		};
		3589EE302684E10A00B30411 /* ARTrekProjectTests */ = {
			isa = PBXGroup;
			children = (
				3589EE312684E10A00B30411 /* ARTrekProjectTests.swift */,
				3589EE332684E10A00B30411 /* Info.plist */,
			);
			path = ARTrekProjectTests;
			sourceTree = "<group>";
		};
		3589EE3B2684E10A00B30411 /* ARTrekProjectUITests */ = {
			isa = PBXGroup;
			children = (
				3589EE3C2684E10A00B30411 /* ARTrekProjectUITests.swift */,
				3589EE3E2684E10A00B30411 /* Info.plist */,
			);
			path = ARTrekProjectUITests;
			sourceTree = "<group>";
		};
/* End PBXGroup section */

/* Begin PBXNativeTarget section */
		3589EE162684E10600B30411 /* ARTrekProject */ = {
			isa = PBXNativeTarget;
			buildConfigurationList = 3589EE412684E10A00B30411 /* Build configuration list for PBXNativeTarget "ARTrekProject" */;
			buildPhases = (
				3589EE132684E10600B30411 /* Sources */,
				3589EE142684E10600B30411 /* Frameworks */,
				3589EE152684E10600B30411 /* Resources */,
			);
			buildRules = (
			);
			dependencies = (
			);
			name = ARTrekProject;
			productName = ARTrekProject;
			productReference = 3589EE172684E10600B30411 /* ARTrekProject.app */;
			productType = "com.apple.product-type.application";
		};
		3589EE2C2684E10A00B30411 /* ARTrekProjectTests */ = {
			isa = PBXNativeTarget;
			buildConfigurationList = 3589EE442684E10A00B30411 /* Build configuration list for PBXNativeTarget "ARTrekProjectTests" */;
			buildPhases = (
				3589EE292684E10A00B30411 /* Sources */,
				3589EE2A2684E10A00B30411 /* Frameworks */,
				3589EE2B2684E10A00B30411 /* Resources */,
			);
			buildRules = (
			);
			dependencies = (
				3589EE2F2684E10A00B30411 /* PBXTargetDependency */,
			);
			name = ARTrekProjectTests;
			productName = ARTrekProjectTests;
			productReference = 3589EE2D2684E10A00B30411 /* ARTrekProjectTests.xctest */;
			productType = "com.apple.product-type.bundle.unit-test";
		};
		3589EE372684E10A00B30411 /* ARTrekProjectUITests */ = {
			isa = PBXNativeTarget;
			buildConfigurationList = 3589EE472684E10A00B30411 /* Build configuration list for PBXNativeTarget "ARTrekProjectUITests" */;
			buildPhases = (
				3589EE342684E10A00B30411 /* Sources */,
				3589EE352684E10A00B30411 /* Frameworks */,
				3589EE362684E10A00B30411 /* Resources */,
			);
			buildRules = (
			);
			dependencies = (
				3589EE3A2684E10A00B30411 /* PBXTargetDependency */,
			);
			name = ARTrekProjectUITests;
			productName = ARTrekProjectUITests;
			productReference = 3589EE382684E10A00B30411 /* ARTrekProjectUITests.xctest */;
			productType = "com.apple.product-type.bundle.ui-testing";
		};
/* End PBXNativeTarget section */

/* Begin PBXProject section */
		3589EE0F2684E10600B30411 /* Project object */ = {
			isa = PBXProject;
			attributes = {
				LastSwiftUpdateCheck = 1250;
				LastUpgradeCheck = 1250;
				TargetAttributes = {
					3589EE162684E10600B30411 = {
						CreatedOnToolsVersion = 12.5.1;
					};
					3589EE2C2684E10A00B30411 = {
						CreatedOnToolsVersion = 12.5.1;
						TestTargetID = 3589EE162684E10600B30411;
					};
					3589EE372684E10A00B30411 = {
						CreatedOnToolsVersion = 12.5.1;
						TestTargetID = 3589EE162684E10600B30411;
					};
				};
			};
			buildConfigurationList = 3589EE122684E10600B30411 /* Build configuration list for PBXProject "ARTrekProject" */;
			compatibilityVersion = "Xcode 9.3";
			developmentRegion = en;
			hasScannedForEncodings = 0;
			knownRegions = (
				en,
				Base,
			);
			mainGroup = 3589EE0E2684E10600B30411;
			productRefGroup = 3589EE182684E10600B30411 /* Products */;
			projectDirPath = "";
			projectRoot = "";
			targets = (
				3589EE162684E10600B30411 /* ARTrekProject */,
				3589EE2C2684E10A00B30411 /* ARTrekProjectTests */,
				3589EE372684E10A00B30411 /* ARTrekProjectUITests */,
			);
		};
/* End PBXProject section */

/* Begin PBXResourcesBuildPhase section */
		3589EE152684E10600B30411 /* Resources */ = {
			isa = PBXResourcesBuildPhase;
			buildActionMask = 2147483647;
			files = (
				3589EE1D2684E10600B30411 /* art.scnassets in Resources */,
				3589EE272684E10900B30411 /* LaunchScreen.storyboard in Resources */,
				3589EE242684E10900B30411 /* Assets.xcassets in Resources */,
				3589EE222684E10600B30411 /* Main.storyboard in Resources */,
			);
			runOnlyForDeploymentPostprocessing = 0;
		};
		3589EE2B2684E10A00B30411 /* Resources */ = {
			isa = PBXResourcesBuildPhase;
			buildActionMask = 2147483647;
			files = (
			);
			runOnlyForDeploymentPostprocessing = 0;
		};
		3589EE362684E10A00B30411 /* Resources */ = {
			isa = PBXResourcesBuildPhase;
			buildActionMask = 2147483647;
			files = (
			);
			runOnlyForDeploymentPostprocessing = 0;
		};
/* End PBXResourcesBuildPhase section */

/* Begin PBXSourcesBuildPhase section */
		3589EE132684E10600B30411 /* Sources */ = {
			isa = PBXSourcesBuildPhase;
			buildActionMask = 2147483647;
			files = (
				3589EE1F2684E10600B30411 /* ViewController.swift in Sources */,
				3589EE1B2684E10600B30411 /* AppDelegate.swift in Sources */,
			);
			runOnlyForDeploymentPostprocessing = 0;
		};
		3589EE292684E10A00B30411 /* Sources */ = {
			isa = PBXSourcesBuildPhase;
			buildActionMask = 2147483647;
			files = (
				3589EE322684E10A00B30411 /* ARTrekProjectTests.swift in Sources */,
			);
			runOnlyForDeploymentPostprocessing = 0;
		};
		3589EE342684E10A00B30411 /* Sources */ = {
			isa = PBXSourcesBuildPhase;
			buildActionMask = 2147483647;
			files = (
				3589EE3D2684E10A00B30411 /* ARTrekProjectUITests.swift in Sources */,
			);
			runOnlyForDeploymentPostprocessing = 0;
		};
/* End PBXSourcesBuildPhase section */

/* Begin PBXTargetDependency section */
		3589EE2F2684E10A00B30411 /* PBXTargetDependency */ = {
			isa = PBXTargetDependency;
			target = 3589EE162684E10600B30411 /* ARTrekProject */;
			targetProxy = 3589EE2E2684E10A00B30411 /* PBXContainerItemProxy */;
		};
		3589EE3A2684E10A00B30411 /* PBXTargetDependency */ = {
			isa = PBXTargetDependency;
			target = 3589EE162684E10600B30411 /* ARTrekProject */;
			targetProxy = 3589EE392684E10A00B30411 /* PBXContainerItemProxy */;
		};
/* End PBXTargetDependency section */

/* Begin PBXVariantGroup section */
		3589EE202684E10600B30411 /* Main.storyboard */ = {
			isa = PBXVariantGroup;
			children = (
				3589EE212684E10600B30411 /* Base */,
			);
			name = Main.storyboard;
			sourceTree = "<group>";
		};
		3589EE252684E10900B30411 /* LaunchScreen.storyboard */ = {
			isa = PBXVariantGroup;
			children = (
				3589EE262684E10900B30411 /* Base */,
			);
			name = LaunchScreen.storyboard;
			sourceTree = "<group>";
		};
/* End PBXVariantGroup section */

/* Begin XCBuildConfiguration section */
		3589EE3F2684E10A00B30411 /* Debug */ = {
			isa = XCBuildConfiguration;
			buildSettings = {
				ALWAYS_SEARCH_USER_PATHS = NO;
				CLANG_ANALYZER_NONNULL = YES;
				CLANG_ANALYZER_NUMBER_OBJECT_CONVERSION = YES_AGGRESSIVE;
				CLANG_CXX_LANGUAGE_STANDARD = "gnu++14";
				CLANG_CXX_LIBRARY = "libc++";
				CLANG_ENABLE_MODULES = YES;
				CLANG_ENABLE_OBJC_ARC = YES;
				CLANG_ENABLE_OBJC_WEAK = YES;
				CLANG_WARN_BLOCK_CAPTURE_AUTORELEASING = YES;
				CLANG_WARN_BOOL_CONVERSION = YES;
				CLANG_WARN_COMMA = YES;
				CLANG_WARN_CONSTANT_CONVERSION = YES;
				CLANG_WARN_DEPRECATED_OBJC_IMPLEMENTATIONS = YES;
				CLANG_WARN_DIRECT_OBJC_ISA_USAGE = YES_ERROR;
				CLANG_WARN_DOCUMENTATION_COMMENTS = YES;
				CLANG_WARN_EMPTY_BODY = YES;
				CLANG_WARN_ENUM_CONVERSION = YES;
				CLANG_WARN_INFINITE_RECURSION = YES;
				CLANG_WARN_INT_CONVERSION = YES;
				CLANG_WARN_NON_LITERAL_NULL_CONVERSION = YES;
				CLANG_WARN_OBJC_IMPLICIT_RETAIN_SELF = YES;
				CLANG_WARN_OBJC_LITERAL_CONVERSION = YES;
				CLANG_WARN_OBJC_ROOT_CLASS = YES_ERROR;
				CLANG_WARN_QUOTED_INCLUDE_IN_FRAMEWORK_HEADER = YES;
				CLANG_WARN_RANGE_LOOP_ANALYSIS = YES;
				CLANG_WARN_STRICT_PROTOTYPES = YES;
				CLANG_WARN_SUSPICIOUS_MOVE = YES;
				CLANG_WARN_UNGUARDED_AVAILABILITY = YES_AGGRESSIVE;
				CLANG_WARN_UNREACHABLE_CODE = YES;
				CLANG_WARN__DUPLICATE_METHOD_MATCH = YES;
				COPY_PHASE_STRIP = NO;
				DEBUG_INFORMATION_FORMAT = dwarf;
				ENABLE_STRICT_OBJC_MSGSEND = YES;
				ENABLE_TESTABILITY = YES;
				GCC_C_LANGUAGE_STANDARD = gnu11;
				GCC_DYNAMIC_NO_PIC = NO;
				GCC_NO_COMMON_BLOCKS = YES;
				GCC_OPTIMIZATION_LEVEL = 0;
				GCC_PREPROCESSOR_DEFINITIONS = (
					"DEBUG=1",
					"$(inherited)",
				);
				GCC_WARN_64_TO_32_BIT_CONVERSION = YES;
				GCC_WARN_ABOUT_RETURN_TYPE = YES_ERROR;
				GCC_WARN_UNDECLARED_SELECTOR = YES;
				GCC_WARN_UNINITIALIZED_AUTOS = YES_AGGRESSIVE;
				GCC_WARN_UNUSED_FUNCTION = YES;
				GCC_WARN_UNUSED_VARIABLE = YES;
				IPHONEOS_DEPLOYMENT_TARGET = 14.5;
				MTL_ENABLE_DEBUG_INFO = INCLUDE_SOURCE;
				MTL_FAST_MATH = YES;
				ONLY_ACTIVE_ARCH = YES;
				SDKROOT = iphoneos;
				SWIFT_ACTIVE_COMPILATION_CONDITIONS = DEBUG;
				SWIFT_OPTIMIZATION_LEVEL = "-Onone";
			};
			name = Debug;
		};
		3589EE402684E10A00B30411 /* Release */ = {
			isa = XCBuildConfiguration;
			buildSettings = {
				ALWAYS_SEARCH_USER_PATHS = NO;
				CLANG_ANALYZER_NONNULL = YES;
				CLANG_ANALYZER_NUMBER_OBJECT_CONVERSION = YES_AGGRESSIVE;
				CLANG_CXX_LANGUAGE_STANDARD = "gnu++14";
				CLANG_CXX_LIBRARY = "libc++";
				CLANG_ENABLE_MODULES = YES;
				CLANG_ENABLE_OBJC_ARC = YES;
				CLANG_ENABLE_OBJC_WEAK = YES;
				CLANG_WARN_BLOCK_CAPTURE_AUTORELEASING = YES;
				CLANG_WARN_BOOL_CONVERSION = YES;
				CLANG_WARN_COMMA = YES;
				CLANG_WARN_CONSTANT_CONVERSION = YES;
				CLANG_WARN_DEPRECATED_OBJC_IMPLEMENTATIONS = YES;
				CLANG_WARN_DIRECT_OBJC_ISA_USAGE = YES_ERROR;
				CLANG_WARN_DOCUMENTATION_COMMENTS = YES;
				CLANG_WARN_EMPTY_BODY = YES;
				CLANG_WARN_ENUM_CONVERSION = YES;
				CLANG_WARN_INFINITE_RECURSION = YES;
				CLANG_WARN_INT_CONVERSION = YES;
				CLANG_WARN_NON_LITERAL_NULL_CONVERSION = YES;
				CLANG_WARN_OBJC_IMPLICIT_RETAIN_SELF = YES;
				CLANG_WARN_OBJC_LITERAL_CONVERSION = YES;
				CLANG_WARN_OBJC_ROOT_CLASS = YES_ERROR;
				CLANG_WARN_QUOTED_INCLUDE_IN_FRAMEWORK_HEADER = YES;
				CLANG_WARN_RANGE_LOOP_ANALYSIS = YES;
				CLANG_WARN_STRICT_PROTOTYPES = YES;
				CLANG_WARN_SUSPICIOUS_MOVE = YES;
				CLANG_WARN_UNGUARDED_AVAILABILITY = YES_AGGRESSIVE;
				CLANG_WARN_UNREACHABLE_CODE = YES;
				CLANG_WARN__DUPLICATE_METHOD_MATCH = YES;
				COPY_PHASE_STRIP = NO;
				DEBUG_INFORMATION_FORMAT = "dwarf-with-dsym";
				ENABLE_NS_ASSERTIONS = NO;
				ENABLE_STRICT_OBJC_MSGSEND = YES;
				GCC_C_LANGUAGE_STANDARD = gnu11;
				GCC_NO_COMMON_BLOCKS = YES;
				GCC_WARN_64_TO_32_BIT_CONVERSION = YES;
				GCC_WARN_ABOUT_RETURN_TYPE = YES_ERROR;
				GCC_WARN_UNDECLARED_SELECTOR = YES;
				GCC_WARN_UNINITIALIZED_AUTOS = YES_AGGRESSIVE;
				GCC_WARN_UNUSED_FUNCTION = YES;
				GCC_WARN_UNUSED_VARIABLE = YES;
				IPHONEOS_DEPLOYMENT_TARGET = 14.5;
				MTL_ENABLE_DEBUG_INFO = NO;
				MTL_FAST_MATH = YES;
				SDKROOT = iphoneos;
				SWIFT_COMPILATION_MODE = wholemodule;
				SWIFT_OPTIMIZATION_LEVEL = "-O";
				VALIDATE_PRODUCT = YES;
			};
			name = Release;
		};
		3589EE422684E10A00B30411 /* Debug */ = {
			isa = XCBuildConfiguration;
			buildSettings = {
				ASSETCATALOG_COMPILER_APPICON_NAME = AppIcon;
				ASSETCATALOG_COMPILER_GLOBAL_ACCENT_COLOR_NAME = AccentColor;
				CODE_SIGN_STYLE = Automatic;
				DEVELOPMENT_TEAM = 34B6F29UT3;
				INFOPLIST_FILE = ARTrekProject/Info.plist;
				LD_RUNPATH_SEARCH_PATHS = (
					"$(inherited)",
					"@executable_path/Frameworks",
				);
				PRODUCT_BUNDLE_IDENTIFIER = Enjeera.ARTrekProject;
				PRODUCT_NAME = "$(TARGET_NAME)";
				SWIFT_VERSION = 5.0;
				TARGETED_DEVICE_FAMILY = "1,2";
			};
			name = Debug;
		};
		3589EE432684E10A00B30411 /* Release */ = {
			isa = XCBuildConfiguration;
			buildSettings = {
				ASSETCATALOG_COMPILER_APPICON_NAME = AppIcon;
				ASSETCATALOG_COMPILER_GLOBAL_ACCENT_COLOR_NAME = AccentColor;
				CODE_SIGN_STYLE = Automatic;
				DEVELOPMENT_TEAM = 34B6F29UT3;
				INFOPLIST_FILE = ARTrekProject/Info.plist;
				LD_RUNPATH_SEARCH_PATHS = (
					"$(inherited)",
					"@executable_path/Frameworks",
				);
				PRODUCT_BUNDLE_IDENTIFIER = Enjeera.ARTrekProject;
				PRODUCT_NAME = "$(TARGET_NAME)";
				SWIFT_VERSION = 5.0;
				TARGETED_DEVICE_FAMILY = "1,2";
			};
			name = Release;
		};
		3589EE452684E10A00B30411 /* Debug */ = {
			isa = XCBuildConfiguration;
			buildSettings = {
				ALWAYS_EMBED_SWIFT_STANDARD_LIBRARIES = YES;
				BUNDLE_LOADER = "$(TEST_HOST)";
				CODE_SIGN_STYLE = Automatic;
				DEVELOPMENT_TEAM = 34B6F29UT3;
				INFOPLIST_FILE = ARTrekProjectTests/Info.plist;
				IPHONEOS_DEPLOYMENT_TARGET = 14.5;
				LD_RUNPATH_SEARCH_PATHS = (
					"$(inherited)",
					"@executable_path/Frameworks",
					"@loader_path/Frameworks",
				);
				PRODUCT_BUNDLE_IDENTIFIER = Enjeera.ARTrekProjectTests;
				PRODUCT_NAME = "$(TARGET_NAME)";
				SWIFT_VERSION = 5.0;
				TARGETED_DEVICE_FAMILY = "1,2";
				TEST_HOST = "$(BUILT_PRODUCTS_DIR)/ARTrekProject.app/ARTrekProject";
			};
			name = Debug;
		};
		3589EE462684E10A00B30411 /* Release */ = {
			isa = XCBuildConfiguration;
			buildSettings = {
				ALWAYS_EMBED_SWIFT_STANDARD_LIBRARIES = YES;
				BUNDLE_LOADER = "$(TEST_HOST)";
				CODE_SIGN_STYLE = Automatic;
				DEVELOPMENT_TEAM = 34B6F29UT3;
				INFOPLIST_FILE = ARTrekProjectTests/Info.plist;
				IPHONEOS_DEPLOYMENT_TARGET = 14.5;
				LD_RUNPATH_SEARCH_PATHS = (
					"$(inherited)",
					"@executable_path/Frameworks",
					"@loader_path/Frameworks",
				);
				PRODUCT_BUNDLE_IDENTIFIER = Enjeera.ARTrekProjectTests;
				PRODUCT_NAME = "$(TARGET_NAME)";
				SWIFT_VERSION = 5.0;
				TARGETED_DEVICE_FAMILY = "1,2";
				TEST_HOST = "$(BUILT_PRODUCTS_DIR)/ARTrekProject.app/ARTrekProject";
			};
			name = Release;
		};
		3589EE482684E10A00B30411 /* Debug */ = {
			isa = XCBuildConfiguration;
			buildSettings = {
				ALWAYS_EMBED_SWIFT_STANDARD_LIBRARIES = YES;
				CODE_SIGN_STYLE = Automatic;
				DEVELOPMENT_TEAM = 34B6F29UT3;
				INFOPLIST_FILE = ARTrekProjectUITests/Info.plist;
				LD_RUNPATH_SEARCH_PATHS = (
					"$(inherited)",
					"@executable_path/Frameworks",
					"@loader_path/Frameworks",
				);
				PRODUCT_BUNDLE_IDENTIFIER = Enjeera.ARTrekProjectUITests;
				PRODUCT_NAME = "$(TARGET_NAME)";
				SWIFT_VERSION = 5.0;
				TARGETED_DEVICE_FAMILY = "1,2";
				TEST_TARGET_NAME = ARTrekProject;
			};
			name = Debug;
		};
		3589EE492684E10A00B30411 /* Release */ = {
			isa = XCBuildConfiguration;
			buildSettings = {
				ALWAYS_EMBED_SWIFT_STANDARD_LIBRARIES = YES;
				CODE_SIGN_STYLE = Automatic;
				DEVELOPMENT_TEAM = 34B6F29UT3;
				INFOPLIST_FILE = ARTrekProjectUITests/Info.plist;
				LD_RUNPATH_SEARCH_PATHS = (
					"$(inherited)",
					"@executable_path/Frameworks",
					"@loader_path/Frameworks",
				);
				PRODUCT_BUNDLE_IDENTIFIER = Enjeera.ARTrekProjectUITests;
				PRODUCT_NAME = "$(TARGET_NAME)";
				SWIFT_VERSION = 5.0;
				TARGETED_DEVICE_FAMILY = "1,2";
				TEST_TARGET_NAME = ARTrekProject;
			};
			name = Release;
		};
/* End XCBuildConfiguration section */

/* Begin XCConfigurationList section */
		3589EE122684E10600B30411 /* Build configuration list for PBXProject "ARTrekProject" */ = {
			isa = XCConfigurationList;
			buildConfigurations = (
				3589EE3F2684E10A00B30411 /* Debug */,
				3589EE402684E10A00B30411 /* Release */,
			);
			defaultConfigurationIsVisible = 0;
			defaultConfigurationName = Release;
		};
		3589EE412684E10A00B30411 /* Build configuration list for PBXNativeTarget "ARTrekProject" */ = {
			isa = XCConfigurationList;
			buildConfigurations = (
				3589EE422684E10A00B30411 /* Debug */,
				3589EE432684E10A00B30411 /* Release */,
			);
			defaultConfigurationIsVisible = 0;
			defaultConfigurationName = Release;
		};
		3589EE442684E10A00B30411 /* Build configuration list for PBXNativeTarget "ARTrekProjectTests" */ = {
			isa = XCConfigurationList;
			buildConfigurations = (
				3589EE452684E10A00B30411 /* Debug */,
				3589EE462684E10A00B30411 /* Release */,
			);
			defaultConfigurationIsVisible = 0;
			defaultConfigurationName = Release;
		};
		3589EE472684E10A00B30411 /* Build configuration list for PBXNativeTarget "ARTrekProjectUITests" */ = {
			isa = XCConfigurationList;
			buildConfigurations = (
				3589EE482684E10A00B30411 /* Debug */,
				3589EE492684E10A00B30411 /* Release */,
			);
			defaultConfigurationIsVisible = 0;
			defaultConfigurationName = Release;
		};
/* End XCConfigurationList section */
	};
	rootObject = 3589EE0F2684E10600B30411 /* Project object */;
}
